
Microsoft Visual Studio Solution File, Format Version 12.00
# Visual Studio 14
VisualStudioVersion = 14.0.23107.0
MinimumVisualStudioVersion = 10.0.40219.1
Project("{FAE04EC0-301F-11D3-BF4B-00C04F79EFBC}") = "BarraFisik.UI", "BarraFisik.UI\BarraFisik.UI.csproj", "{E34FFFE3-A72B-427E-BE77-C469A099DB90}"
EndProject
Project("{FAE04EC0-301F-11D3-BF4B-00C04F79EFBC}") = "BarraFisik.Domain", "BarraFisik.Domain\BarraFisik.Domain.csproj", "{808DD9A4-7926-4BA5-8DF8-551C4B1B2DC5}"
EndProject
Project("{2150E333-8FDC-42A3-9474-1A3956D46DE8}") = "0 - Presentation", "0 - Presentation", "{D14A3A0A-8DB7-4C0A-81E2-9314B9F146A7}"
EndProject
Project("{2150E333-8FDC-42A3-9474-1A3956D46DE8}") = "1 - Services", "1 - Services", "{D978DE11-BF12-414C-B005-754F552C7E7E}"
EndProject
Project("{2150E333-8FDC-42A3-9474-1A3956D46DE8}") = "2 - Application", "2 - Application", "{CA6AF09C-7F9F-4556-8044-195FA57C27BA}"
EndProject
Project("{2150E333-8FDC-42A3-9474-1A3956D46DE8}") = "3 - Domain", "3 - Domain", "{F165BE0F-8F3B-4E83-BB8B-95AED3493137}"
EndProject
Project("{2150E333-8FDC-42A3-9474-1A3956D46DE8}") = "4 - Infra", "4 - Infra", "{15EF19B9-7D75-47E7-8BB9-723A348CE4BC}"
EndProject
Project("{2150E333-8FDC-42A3-9474-1A3956D46DE8}") = "4.1 - Data", "4.1 - Data", "{3A615BF8-4215-4045-8673-DB1C3E9136C6}"
EndProject
Project("{2150E333-8FDC-42A3-9474-1A3956D46DE8}") = "4.2 - CrossCutting", "4.2 - CrossCutting", "{F2657158-1C79-4B74-8EDA-5535CDA35555}"
EndProject
Project("{FAE04EC0-301F-11D3-BF4B-00C04F79EFBC}") = "BarraFisik.Infra.Data", "BarraFisik.Infra.Data\BarraFisik.Infra.Data.csproj", "{68E8B89B-B949-446E-85ED-C4B87AFFB827}"
EndProject
Project("{FAE04EC0-301F-11D3-BF4B-00C04F79EFBC}") = "BarraFisik.API", "BarraFisik.API\BarraFisik.API.csproj", "{03D7CF80-933B-4DC8-8AA3-E6111C054972}"
EndProject
Project("{FAE04EC0-301F-11D3-BF4B-00C04F79EFBC}") = "BarraFisik.Inra.CrossCutting.IoC", "BarraFisik.Inra.CrossCutting.IoC\BarraFisik.Inra.CrossCutting.IoC.csproj", "{934F2E6F-7B6A-433F-9128-84E4588D7556}"
EndProject
Project("{FAE04EC0-301F-11D3-BF4B-00C04F79EFBC}") = "BarraFisik.Domain.Tests", "BarraFisik.Domain.Tests\BarraFisik.Domain.Tests.csproj", "{85584A8F-66E5-4765-992C-B43BCADEB7FD}"
EndProject
Project("{FAE04EC0-301F-11D3-BF4B-00C04F79EFBC}") = "BarraFisik.Application", "BarraFisik.Application\BarraFisik.Application.csproj", "{C848946E-6DD4-409E-B536-F3D03C487298}"
EndProject
Project("{FAE04EC0-301F-11D3-BF4B-00C04F79EFBC}") = "BarraFisik.CrossCutting.IoC.Unity", "BarraFisik.CrossCutting.IoC.Unity\BarraFisik.CrossCutting.IoC.Unity.csproj", "{95CF2F05-422C-4C5E-BDB3-471ACA3F08FD}"
EndProject
Global
	GlobalSection(SolutionConfigurationPlatforms) = preSolution
		Debug|Any CPU = Debug|Any CPU
		Release|Any CPU = Release|Any CPU
	EndGlobalSection
	GlobalSection(ProjectConfigurationPlatforms) = postSolution
		{E34FFFE3-A72B-427E-BE77-C469A099DB90}.Debug|Any CPU.ActiveCfg = Debug|Any CPU
		{E34FFFE3-A72B-427E-BE77-C469A099DB90}.Debug|Any CPU.Build.0 = Debug|Any CPU
		{E34FFFE3-A72B-427E-BE77-C469A099DB90}.Release|Any CPU.ActiveCfg = Release|Any CPU
		{E34FFFE3-A72B-427E-BE77-C469A099DB90}.Release|Any CPU.Build.0 = Release|Any CPU
		{808DD9A4-7926-4BA5-8DF8-551C4B1B2DC5}.Debug|Any CPU.ActiveCfg = Debug|Any CPU
		{808DD9A4-7926-4BA5-8DF8-551C4B1B2DC5}.Debug|Any CPU.Build.0 = Debug|Any CPU
		{808DD9A4-7926-4BA5-8DF8-551C4B1B2DC5}.Release|Any CPU.ActiveCfg = Release|Any CPU
		{808DD9A4-7926-4BA5-8DF8-551C4B1B2DC5}.Release|Any CPU.Build.0 = Release|Any CPU
		{68E8B89B-B949-446E-85ED-C4B87AFFB827}.Debug|Any CPU.ActiveCfg = Debug|Any CPU
		{68E8B89B-B949-446E-85ED-C4B87AFFB827}.Debug|Any CPU.Build.0 = Debug|Any CPU
		{68E8B89B-B949-446E-85ED-C4B87AFFB827}.Release|Any CPU.ActiveCfg = Release|Any CPU
		{68E8B89B-B949-446E-85ED-C4B87AFFB827}.Release|Any CPU.Build.0 = Release|Any CPU
		{03D7CF80-933B-4DC8-8AA3-E6111C054972}.Debug|Any CPU.ActiveCfg = Debug|Any CPU
		{03D7CF80-933B-4DC8-8AA3-E6111C054972}.Debug|Any CPU.Build.0 = Debug|Any CPU
		{03D7CF80-933B-4DC8-8AA3-E6111C054972}.Release|Any CPU.ActiveCfg = Release|Any CPU
		{03D7CF80-933B-4DC8-8AA3-E6111C054972}.Release|Any CPU.Build.0 = Release|Any CPU
		{934F2E6F-7B6A-433F-9128-84E4588D7556}.Debug|Any CPU.ActiveCfg = Debug|Any CPU
		{934F2E6F-7B6A-433F-9128-84E4588D7556}.Debug|Any CPU.Build.0 = Debug|Any CPU
		{934F2E6F-7B6A-433F-9128-84E4588D7556}.Release|Any CPU.ActiveCfg = Release|Any CPU
		{934F2E6F-7B6A-433F-9128-84E4588D7556}.Release|Any CPU.Build.0 = Release|Any CPU
		{85584A8F-66E5-4765-992C-B43BCADEB7FD}.Debug|Any CPU.ActiveCfg = Debug|Any CPU
		{85584A8F-66E5-4765-992C-B43BCADEB7FD}.Debug|Any CPU.Build.0 = Debug|Any CPU
		{85584A8F-66E5-4765-992C-B43BCADEB7FD}.Release|Any CPU.ActiveCfg = Release|Any CPU
		{85584A8F-66E5-4765-992C-B43BCADEB7FD}.Release|Any CPU.Build.0 = Release|Any CPU
		{C848946E-6DD4-409E-B536-F3D03C487298}.Debug|Any CPU.ActiveCfg = Debug|Any CPU
		{C848946E-6DD4-409E-B536-F3D03C487298}.Debug|Any CPU.Build.0 = Debug|Any CPU
		{C848946E-6DD4-409E-B536-F3D03C487298}.Release|Any CPU.ActiveCfg = Release|Any CPU
		{C848946E-6DD4-409E-B536-F3D03C487298}.Release|Any CPU.Build.0 = Release|Any CPU
		{95CF2F05-422C-4C5E-BDB3-471ACA3F08FD}.Debug|Any CPU.ActiveCfg = Debug|Any CPU
		{95CF2F05-422C-4C5E-BDB3-471ACA3F08FD}.Debug|Any CPU.Build.0 = Debug|Any CPU
		{95CF2F05-422C-4C5E-BDB3-471ACA3F08FD}.Release|Any CPU.ActiveCfg = Release|Any CPU
		{95CF2F05-422C-4C5E-BDB3-471ACA3F08FD}.Release|Any CPU.Build.0 = Release|Any CPU
	EndGlobalSection
	GlobalSection(SolutionProperties) = preSolution
		HideSolutionNode = FALSE
	EndGlobalSection
	GlobalSection(NestedProjects) = preSolution
		{E34FFFE3-A72B-427E-BE77-C469A099DB90} = {D14A3A0A-8DB7-4C0A-81E2-9314B9F146A7}
		{808DD9A4-7926-4BA5-8DF8-551C4B1B2DC5} = {F165BE0F-8F3B-4E83-BB8B-95AED3493137}
		{3A615BF8-4215-4045-8673-DB1C3E9136C6} = {15EF19B9-7D75-47E7-8BB9-723A348CE4BC}
		{F2657158-1C79-4B74-8EDA-5535CDA35555} = {15EF19B9-7D75-47E7-8BB9-723A348CE4BC}
		{68E8B89B-B949-446E-85ED-C4B87AFFB827} = {3A615BF8-4215-4045-8673-DB1C3E9136C6}
		{03D7CF80-933B-4DC8-8AA3-E6111C054972} = {D978DE11-BF12-414C-B005-754F552C7E7E}
		{934F2E6F-7B6A-433F-9128-84E4588D7556} = {F2657158-1C79-4B74-8EDA-5535CDA35555}
		{85584A8F-66E5-4765-992C-B43BCADEB7FD} = {F165BE0F-8F3B-4E83-BB8B-95AED3493137}
		{C848946E-6DD4-409E-B536-F3D03C487298} = {CA6AF09C-7F9F-4556-8044-195FA57C27BA}
		{95CF2F05-422C-4C5E-BDB3-471ACA3F08FD} = {F2657158-1C79-4B74-8EDA-5535CDA35555}
	EndGlobalSection
EndGlobal
